
Microsoft Visual Studio Solution File, Format Version 12.00
# Visual Studio Version 17
VisualStudioVersion = 17.0.31903.59
MinimumVisualStudioVersion = 10.0.40219.1
Project("{2150E333-8FDC-42A3-9474-1A3956D46DE8}") = "src", "src", "{827E0CD3-B72D-47B6-A68D-7590B98EB39B}"
EndProject
Project("{FAE04EC0-301F-11D3-BF4B-00C04F79EFBC}") = "Mindora.Api", "src\Mindora.Api\Mindora.Api.csproj", "{BD775DA7-9609-419B-A082-5CC9EDBF16FF}"
EndProject
Project("{FAE04EC0-301F-11D3-BF4B-00C04F79EFBC}") = "Mindora.Application", "src\Mindora.Application\Mindora.Application.csproj", "{1D15CC47-4C4A-4751-8399-583E22AF0E55}"
EndProject
Project("{FAE04EC0-301F-11D3-BF4B-00C04F79EFBC}") = "Mindora.Domain", "src\Mindora.Domain\Mindora.Domain.csproj", "{3F2E8573-241D-4975-A014-AA40911C50C6}"
EndProject
Project("{FAE04EC0-301F-11D3-BF4B-00C04F79EFBC}") = "Mindora.Infrastructure", "src\Mindora.Infrastructure\Mindora.Infrastructure.csproj", "{11F85071-2A0C-4182-A6FF-5F08CD44446B}"
EndProject
Project("{2150E333-8FDC-42A3-9474-1A3956D46DE8}") = "tests", "tests", "{0AB3BF05-4346-4AA6-1389-037BE0695223}"
EndProject
Project("{FAE04EC0-301F-11D3-BF4B-00C04F79EFBC}") = "Mindora.IntegrationTests", "tests\Mindora.IntegrationTests\Mindora.IntegrationTests.csproj", "{A86B971D-0D93-4E1D-99A0-E4A64072CDBE}"
EndProject
Project("{FAE04EC0-301F-11D3-BF4B-00C04F79EFBC}") = "Mindora.UnitTests", "tests\Mindora.UnitTests\Mindora.UnitTests.csproj", "{70EF0D89-5519-400C-9630-6826A0E29717}"
EndProject
Global
	GlobalSection(SolutionConfigurationPlatforms) = preSolution
		Debug|Any CPU = Debug|Any CPU
		Debug|x64 = Debug|x64
		Debug|x86 = Debug|x86
		Release|Any CPU = Release|Any CPU
		Release|x64 = Release|x64
		Release|x86 = Release|x86
	EndGlobalSection
	GlobalSection(ProjectConfigurationPlatforms) = postSolution
		{BD775DA7-9609-419B-A082-5CC9EDBF16FF}.Debug|Any CPU.ActiveCfg = Debug|Any CPU
		{BD775DA7-9609-419B-A082-5CC9EDBF16FF}.Debug|Any CPU.Build.0 = Debug|Any CPU
		{BD775DA7-9609-419B-A082-5CC9EDBF16FF}.Debug|x64.ActiveCfg = Debug|Any CPU
		{BD775DA7-9609-419B-A082-5CC9EDBF16FF}.Debug|x64.Build.0 = Debug|Any CPU
		{BD775DA7-9609-419B-A082-5CC9EDBF16FF}.Debug|x86.ActiveCfg = Debug|Any CPU
		{BD775DA7-9609-419B-A082-5CC9EDBF16FF}.Debug|x86.Build.0 = Debug|Any CPU
		{BD775DA7-9609-419B-A082-5CC9EDBF16FF}.Release|Any CPU.ActiveCfg = Release|Any CPU
		{BD775DA7-9609-419B-A082-5CC9EDBF16FF}.Release|Any CPU.Build.0 = Release|Any CPU
		{BD775DA7-9609-419B-A082-5CC9EDBF16FF}.Release|x64.ActiveCfg = Release|Any CPU
		{BD775DA7-9609-419B-A082-5CC9EDBF16FF}.Release|x64.Build.0 = Release|Any CPU
		{BD775DA7-9609-419B-A082-5CC9EDBF16FF}.Release|x86.ActiveCfg = Release|Any CPU
		{BD775DA7-9609-419B-A082-5CC9EDBF16FF}.Release|x86.Build.0 = Release|Any CPU
		{1D15CC47-4C4A-4751-8399-583E22AF0E55}.Debug|Any CPU.ActiveCfg = Debug|Any CPU
		{1D15CC47-4C4A-4751-8399-583E22AF0E55}.Debug|Any CPU.Build.0 = Debug|Any CPU
		{1D15CC47-4C4A-4751-8399-583E22AF0E55}.Debug|x64.ActiveCfg = Debug|Any CPU
		{1D15CC47-4C4A-4751-8399-583E22AF0E55}.Debug|x64.Build.0 = Debug|Any CPU
		{1D15CC47-4C4A-4751-8399-583E22AF0E55}.Debug|x86.ActiveCfg = Debug|Any CPU
		{1D15CC47-4C4A-4751-8399-583E22AF0E55}.Debug|x86.Build.0 = Debug|Any CPU
		{1D15CC47-4C4A-4751-8399-583E22AF0E55}.Release|Any CPU.ActiveCfg = Release|Any CPU
		{1D15CC47-4C4A-4751-8399-583E22AF0E55}.Release|Any CPU.Build.0 = Release|Any CPU
		{1D15CC47-4C4A-4751-8399-583E22AF0E55}.Release|x64.ActiveCfg = Release|Any CPU
		{1D15CC47-4C4A-4751-8399-583E22AF0E55}.Release|x64.Build.0 = Release|Any CPU
		{1D15CC47-4C4A-4751-8399-583E22AF0E55}.Release|x86.ActiveCfg = Release|Any CPU
		{1D15CC47-4C4A-4751-8399-583E22AF0E55}.Release|x86.Build.0 = Release|Any CPU
		{3F2E8573-241D-4975-A014-AA40911C50C6}.Debug|Any CPU.ActiveCfg = Debug|Any CPU
		{3F2E8573-241D-4975-A014-AA40911C50C6}.Debug|Any CPU.Build.0 = Debug|Any CPU
		{3F2E8573-241D-4975-A014-AA40911C50C6}.Debug|x64.ActiveCfg = Debug|Any CPU
		{3F2E8573-241D-4975-A014-AA40911C50C6}.Debug|x64.Build.0 = Debug|Any CPU
		{3F2E8573-241D-4975-A014-AA40911C50C6}.Debug|x86.ActiveCfg = Debug|Any CPU
		{3F2E8573-241D-4975-A014-AA40911C50C6}.Debug|x86.Build.0 = Debug|Any CPU
		{3F2E8573-241D-4975-A014-AA40911C50C6}.Release|Any CPU.ActiveCfg = Release|Any CPU
		{3F2E8573-241D-4975-A014-AA40911C50C6}.Release|Any CPU.Build.0 = Release|Any CPU
		{3F2E8573-241D-4975-A014-AA40911C50C6}.Release|x64.ActiveCfg = Release|Any CPU
		{3F2E8573-241D-4975-A014-AA40911C50C6}.Release|x64.Build.0 = Release|Any CPU
		{3F2E8573-241D-4975-A014-AA40911C50C6}.Release|x86.ActiveCfg = Release|Any CPU
		{3F2E8573-241D-4975-A014-AA40911C50C6}.Release|x86.Build.0 = Release|Any CPU
		{11F85071-2A0C-4182-A6FF-5F08CD44446B}.Debug|Any CPU.ActiveCfg = Debug|Any CPU
		{11F85071-2A0C-4182-A6FF-5F08CD44446B}.Debug|Any CPU.Build.0 = Debug|Any CPU
		{11F85071-2A0C-4182-A6FF-5F08CD44446B}.Debug|x64.ActiveCfg = Debug|Any CPU
		{11F85071-2A0C-4182-A6FF-5F08CD44446B}.Debug|x64.Build.0 = Debug|Any CPU
		{11F85071-2A0C-4182-A6FF-5F08CD44446B}.Debug|x86.ActiveCfg = Debug|Any CPU
		{11F85071-2A0C-4182-A6FF-5F08CD44446B}.Debug|x86.Build.0 = Debug|Any CPU
		{11F85071-2A0C-4182-A6FF-5F08CD44446B}.Release|Any CPU.ActiveCfg = Release|Any CPU
		{11F85071-2A0C-4182-A6FF-5F08CD44446B}.Release|Any CPU.Build.0 = Release|Any CPU
		{11F85071-2A0C-4182-A6FF-5F08CD44446B}.Release|x64.ActiveCfg = Release|Any CPU
		{11F85071-2A0C-4182-A6FF-5F08CD44446B}.Release|x64.Build.0 = Release|Any CPU
		{11F85071-2A0C-4182-A6FF-5F08CD44446B}.Release|x86.ActiveCfg = Release|Any CPU
		{11F85071-2A0C-4182-A6FF-5F08CD44446B}.Release|x86.Build.0 = Release|Any CPU
		{A86B971D-0D93-4E1D-99A0-E4A64072CDBE}.Debug|Any CPU.ActiveCfg = Debug|Any CPU
		{A86B971D-0D93-4E1D-99A0-E4A64072CDBE}.Debug|Any CPU.Build.0 = Debug|Any CPU
		{A86B971D-0D93-4E1D-99A0-E4A64072CDBE}.Debug|x64.ActiveCfg = Debug|Any CPU
		{A86B971D-0D93-4E1D-99A0-E4A64072CDBE}.Debug|x64.Build.0 = Debug|Any CPU
		{A86B971D-0D93-4E1D-99A0-E4A64072CDBE}.Debug|x86.ActiveCfg = Debug|Any CPU
		{A86B971D-0D93-4E1D-99A0-E4A64072CDBE}.Debug|x86.Build.0 = Debug|Any CPU
		{A86B971D-0D93-4E1D-99A0-E4A64072CDBE}.Release|Any CPU.ActiveCfg = Release|Any CPU
		{A86B971D-0D93-4E1D-99A0-E4A64072CDBE}.Release|Any CPU.Build.0 = Release|Any CPU
		{A86B971D-0D93-4E1D-99A0-E4A64072CDBE}.Release|x64.ActiveCfg = Release|Any CPU
		{A86B971D-0D93-4E1D-99A0-E4A64072CDBE}.Release|x64.Build.0 = Release|Any CPU
		{A86B971D-0D93-4E1D-99A0-E4A64072CDBE}.Release|x86.ActiveCfg = Release|Any CPU
		{A86B971D-0D93-4E1D-99A0-E4A64072CDBE}.Release|x86.Build.0 = Release|Any CPU
		{70EF0D89-5519-400C-9630-6826A0E29717}.Debug|Any CPU.ActiveCfg = Debug|Any CPU
		{70EF0D89-5519-400C-9630-6826A0E29717}.Debug|Any CPU.Build.0 = Debug|Any CPU
		{70EF0D89-5519-400C-9630-6826A0E29717}.Debug|x64.ActiveCfg = Debug|Any CPU
		{70EF0D89-5519-400C-9630-6826A0E29717}.Debug|x64.Build.0 = Debug|Any CPU
		{70EF0D89-5519-400C-9630-6826A0E29717}.Debug|x86.ActiveCfg = Debug|Any CPU
		{70EF0D89-5519-400C-9630-6826A0E29717}.Debug|x86.Build.0 = Debug|Any CPU
		{70EF0D89-5519-400C-9630-6826A0E29717}.Release|Any CPU.ActiveCfg = Release|Any CPU
		{70EF0D89-5519-400C-9630-6826A0E29717}.Release|Any CPU.Build.0 = Release|Any CPU
		{70EF0D89-5519-400C-9630-6826A0E29717}.Release|x64.ActiveCfg = Release|Any CPU
		{70EF0D89-5519-400C-9630-6826A0E29717}.Release|x64.Build.0 = Release|Any CPU
		{70EF0D89-5519-400C-9630-6826A0E29717}.Release|x86.ActiveCfg = Release|Any CPU
		{70EF0D89-5519-400C-9630-6826A0E29717}.Release|x86.Build.0 = Release|Any CPU
	EndGlobalSection
	GlobalSection(SolutionProperties) = preSolution
		HideSolutionNode = FALSE
	EndGlobalSection
	GlobalSection(NestedProjects) = preSolution
		{BD775DA7-9609-419B-A082-5CC9EDBF16FF} = {827E0CD3-B72D-47B6-A68D-7590B98EB39B}
		{1D15CC47-4C4A-4751-8399-583E22AF0E55} = {827E0CD3-B72D-47B6-A68D-7590B98EB39B}
		{3F2E8573-241D-4975-A014-AA40911C50C6} = {827E0CD3-B72D-47B6-A68D-7590B98EB39B}
		{11F85071-2A0C-4182-A6FF-5F08CD44446B} = {827E0CD3-B72D-47B6-A68D-7590B98EB39B}
		{A86B971D-0D93-4E1D-99A0-E4A64072CDBE} = {0AB3BF05-4346-4AA6-1389-037BE0695223}
		{70EF0D89-5519-400C-9630-6826A0E29717} = {0AB3BF05-4346-4AA6-1389-037BE0695223}
	EndGlobalSection
EndGlobal
